<<<<<<< HEAD
﻿
Microsoft Visual Studio Solution File, Format Version 12.00
# Visual Studio 15
VisualStudioVersion = 15.0.28307.329
MinimumVisualStudioVersion = 10.0.40219.1
Project("{FAE04EC0-301F-11D3-BF4B-00C04F79EFBC}") = "MonolegalApi", "MonolegalApi\MonolegalApi.csproj", "{9C2A214A-A257-431D-8E7C-60A84FC597A8}"
EndProject
Global
	GlobalSection(SolutionConfigurationPlatforms) = preSolution
		Debug|Any CPU = Debug|Any CPU
		Release|Any CPU = Release|Any CPU
	EndGlobalSection
	GlobalSection(ProjectConfigurationPlatforms) = postSolution
		{9C2A214A-A257-431D-8E7C-60A84FC597A8}.Debug|Any CPU.ActiveCfg = Debug|Any CPU
		{9C2A214A-A257-431D-8E7C-60A84FC597A8}.Debug|Any CPU.Build.0 = Debug|Any CPU
		{9C2A214A-A257-431D-8E7C-60A84FC597A8}.Release|Any CPU.ActiveCfg = Release|Any CPU
		{9C2A214A-A257-431D-8E7C-60A84FC597A8}.Release|Any CPU.Build.0 = Release|Any CPU
	EndGlobalSection
	GlobalSection(SolutionProperties) = preSolution
		HideSolutionNode = FALSE
	EndGlobalSection
	GlobalSection(ExtensibilityGlobals) = postSolution
		SolutionGuid = {9BF9BF63-0535-4073-ABD5-8B82D895BE84}
	EndGlobalSection
EndGlobal
=======
﻿
Microsoft Visual Studio Solution File, Format Version 12.00
# Visual Studio 15
VisualStudioVersion = 15.0.28307.329
MinimumVisualStudioVersion = 10.0.40219.1
Project("{FAE04EC0-301F-11D3-BF4B-00C04F79EFBC}") = "MonolegalApi", "MonolegalApi\MonolegalApi.csproj", "{9C2A214A-A257-431D-8E7C-60A84FC597A8}"
EndProject
Global
	GlobalSection(SolutionConfigurationPlatforms) = preSolution
		Debug|Any CPU = Debug|Any CPU
		Release|Any CPU = Release|Any CPU
	EndGlobalSection
	GlobalSection(ProjectConfigurationPlatforms) = postSolution
		{9C2A214A-A257-431D-8E7C-60A84FC597A8}.Debug|Any CPU.ActiveCfg = Debug|Any CPU
		{9C2A214A-A257-431D-8E7C-60A84FC597A8}.Debug|Any CPU.Build.0 = Debug|Any CPU
		{9C2A214A-A257-431D-8E7C-60A84FC597A8}.Release|Any CPU.ActiveCfg = Release|Any CPU
		{9C2A214A-A257-431D-8E7C-60A84FC597A8}.Release|Any CPU.Build.0 = Release|Any CPU
	EndGlobalSection
	GlobalSection(SolutionProperties) = preSolution
		HideSolutionNode = FALSE
	EndGlobalSection
	GlobalSection(ExtensibilityGlobals) = postSolution
		SolutionGuid = {9BF9BF63-0535-4073-ABD5-8B82D895BE84}
	EndGlobalSection
EndGlobal
>>>>>>> 9bd5cb3e33341e4627f0d1eab90da82dc9784e56
